// !$*UTF8*$!
{
	archiveVersion = 1;
	classes = {
	};
	objectVersion = 50;
	objects = {

/* Begin PBXBuildFile section */
		4D16D6A925F2AA64004B164E /* SuperProject777App.swift in Sources */ = {isa = PBXBuildFile; fileRef = 4D16D69625F2AA62004B164E /* SuperProject777App.swift */; };
		4D16D6AA25F2AA64004B164E /* SuperProject777App.swift in Sources */ = {isa = PBXBuildFile; fileRef = 4D16D69625F2AA62004B164E /* SuperProject777App.swift */; };
		4D16D6AB25F2AA64004B164E /* ContentView.swift in Sources */ = {isa = PBXBuildFile; fileRef = 4D16D69725F2AA62004B164E /* ContentView.swift */; };
		4D16D6AC25F2AA64004B164E /* ContentView.swift in Sources */ = {isa = PBXBuildFile; fileRef = 4D16D69725F2AA62004B164E /* ContentView.swift */; };
		4D16D6AD25F2AA64004B164E /* Assets.xcassets in Resources */ = {isa = PBXBuildFile; fileRef = 4D16D69825F2AA64004B164E /* Assets.xcassets */; };
		4D16D6AE25F2AA64004B164E /* Assets.xcassets in Resources */ = {isa = PBXBuildFile; fileRef = 4D16D69825F2AA64004B164E /* Assets.xcassets */; };
/* End PBXBuildFile section */

/* Begin PBXFileReference section */
		4D16D69625F2AA62004B164E /* SuperProject777App.swift */ = {isa = PBXFileReference; lastKnownFileType = sourcecode.swift; path = SuperProject777App.swift; sourceTree = "<group>"; };
		4D16D69725F2AA62004B164E /* ContentView.swift */ = {isa = PBXFileReference; lastKnownFileType = sourcecode.swift; path = ContentView.swift; sourceTree = "<group>"; };
		4D16D69825F2AA64004B164E /* Assets.xcassets */ = {isa = PBXFileReference; lastKnownFileType = folder.assetcatalog; path = Assets.xcassets; sourceTree = "<group>"; };
		4D16D69D25F2AA64004B164E /* SuperProject777.app */ = {isa = PBXFileReference; explicitFileType = wrapper.application; includeInIndex = 0; path = SuperProject777.app; sourceTree = BUILT_PRODUCTS_DIR; };
		4D16D6A025F2AA64004B164E /* Info.plist */ = {isa = PBXFileReference; lastKnownFileType = text.plist.xml; path = Info.plist; sourceTree = "<group>"; };
		4D16D6A525F2AA64004B164E /* SuperProject777.app */ = {isa = PBXFileReference; explicitFileType = wrapper.application; includeInIndex = 0; path = SuperProject777.app; sourceTree = BUILT_PRODUCTS_DIR; };
		4D16D6A725F2AA64004B164E /* Info.plist */ = {isa = PBXFileReference; lastKnownFileType = text.plist.xml; path = Info.plist; sourceTree = "<group>"; };
		4D16D6A825F2AA64004B164E /* macOS.entitlements */ = {isa = PBXFileReference; lastKnownFileType = text.plist.entitlements; path = macOS.entitlements; sourceTree = "<group>"; };
/* End PBXFileReference section */

/* Begin PBXFrameworksBuildPhase section */
		4D16D69A25F2AA64004B164E /* Frameworks */ = {
			isa = PBXFrameworksBuildPhase;
			buildActionMask = 2147483647;
			files = (
			);
			runOnlyForDeploymentPostprocessing = 0;
		};
		4D16D6A225F2AA64004B164E /* Frameworks */ = {
			isa = PBXFrameworksBuildPhase;
			buildActionMask = 2147483647;
			files = (
			);
			runOnlyForDeploymentPostprocessing = 0;
		};
/* End PBXFrameworksBuildPhase section */

/* Begin PBXGroup section */
		4D16D69025F2AA62004B164E = {
			isa = PBXGroup;
			children = (
				4D16D69525F2AA62004B164E /* Shared */,
				4D16D69F25F2AA64004B164E /* iOS */,
				4D16D6A625F2AA64004B164E /* macOS */,
				4D16D69E25F2AA64004B164E /* Products */,
			);
			sourceTree = "<group>";
		};
		4D16D69525F2AA62004B164E /* Shared */ = {
			isa = PBXGroup;
			children = (
				4D16D69625F2AA62004B164E /* SuperProject777App.swift */,
				4D16D69725F2AA62004B164E /* ContentView.swift */,
				4D16D69825F2AA64004B164E /* Assets.xcassets */,
			);
			path = Shared;
			sourceTree = "<group>";
		};
		4D16D69E25F2AA64004B164E /* Products */ = {
			isa = PBXGroup;
			children = (
				4D16D69D25F2AA64004B164E /* SuperProject777.app */,
				4D16D6A525F2AA64004B164E /* SuperProject777.app */,
			);
			name = Products;
			sourceTree = "<group>";
		};
		4D16D69F25F2AA64004B164E /* iOS */ = {
			isa = PBXGroup;
			children = (
				4D16D6A025F2AA64004B164E /* Info.plist */,
			);
			path = iOS;
			sourceTree = "<group>";
		};
		4D16D6A625F2AA64004B164E /* macOS */ = {
			isa = PBXGroup;
			children = (
				4D16D6A725F2AA64004B164E /* Info.plist */,
				4D16D6A825F2AA64004B164E /* macOS.entitlements */,
			);
			path = macOS;
			sourceTree = "<group>";
		};
/* End PBXGroup section */

/* Begin PBXNativeTarget section */
		4D16D69C25F2AA64004B164E /* SuperProject777 (iOS) */ = {
			isa = PBXNativeTarget;
			buildConfigurationList = 4D16D6B125F2AA64004B164E /* Build configuration list for PBXNativeTarget "SuperProject777 (iOS)" */;
			buildPhases = (
				4D16D69925F2AA64004B164E /* Sources */,
				4D16D69A25F2AA64004B164E /* Frameworks */,
				4D16D69B25F2AA64004B164E /* Resources */,
			);
			buildRules = (
			);
			dependencies = (
			);
			name = "SuperProject777 (iOS)";
			productName = "SuperProject777 (iOS)";
			productReference = 4D16D69D25F2AA64004B164E /* SuperProject777.app */;
			productType = "com.apple.product-type.application";
		};
		4D16D6A425F2AA64004B164E /* SuperProject777 (macOS) */ = {
			isa = PBXNativeTarget;
			buildConfigurationList = 4D16D6B425F2AA64004B164E /* Build configuration list for PBXNativeTarget "SuperProject777 (macOS)" */;
			buildPhases = (
				4D16D6A125F2AA64004B164E /* Sources */,
				4D16D6A225F2AA64004B164E /* Frameworks */,
				4D16D6A325F2AA64004B164E /* Resources */,
			);
			buildRules = (
			);
			dependencies = (
			);
			name = "SuperProject777 (macOS)";
			productName = "SuperProject777 (macOS)";
			productReference = 4D16D6A525F2AA64004B164E /* SuperProject777.app */;
			productType = "com.apple.product-type.application";
		};
/* End PBXNativeTarget section */

/* Begin PBXProject section */
		4D16D69125F2AA62004B164E /* Project object */ = {
			isa = PBXProject;
			attributes = {
				LastSwiftUpdateCheck = 1240;
				LastUpgradeCheck = 1240;
				TargetAttributes = {
					4D16D69C25F2AA64004B164E = {
						CreatedOnToolsVersion = 12.4;
					};
					4D16D6A425F2AA64004B164E = {
						CreatedOnToolsVersion = 12.4;
					};
				};
			};
			buildConfigurationList = 4D16D69425F2AA62004B164E /* Build configuration list for PBXProject "SuperProject777" */;
			compatibilityVersion = "Xcode 9.3";
			developmentRegion = en;
			hasScannedForEncodings = 0;
			knownRegions = (
				en,
				Base,
			);
			mainGroup = 4D16D69025F2AA62004B164E;
			productRefGroup = 4D16D69E25F2AA64004B164E /* Products */;
			projectDirPath = "";
			projectRoot = "";
			targets = (
				4D16D69C25F2AA64004B164E /* SuperProject777 (iOS) */,
				4D16D6A425F2AA64004B164E /* SuperProject777 (macOS) */,
			);
		};
/* End PBXProject section */

/* Begin PBXResourcesBuildPhase section */
		4D16D69B25F2AA64004B164E /* Resources */ = {
			isa = PBXResourcesBuildPhase;
			buildActionMask = 2147483647;
			files = (
				4D16D6AD25F2AA64004B164E /* Assets.xcassets in Resources */,
			);
			runOnlyForDeploymentPostprocessing = 0;
		};
		4D16D6A325F2AA64004B164E /* Resources */ = {
			isa = PBXResourcesBuildPhase;
			buildActionMask = 2147483647;
			files = (
				4D16D6AE25F2AA64004B164E /* Assets.xcassets in Resources */,
			);
			runOnlyForDeploymentPostprocessing = 0;
		};
/* End PBXResourcesBuildPhase section */

/* Begin PBXSourcesBuildPhase section */
		4D16D69925F2AA64004B164E /* Sources */ = {
			isa = PBXSourcesBuildPhase;
			buildActionMask = 2147483647;
			files = (
				4D16D6AB25F2AA64004B164E /* ContentView.swift in Sources */,
				4D16D6A925F2AA64004B164E /* SuperProject777App.swift in Sources */,
			);
			runOnlyForDeploymentPostprocessing = 0;
		};
		4D16D6A125F2AA64004B164E /* Sources */ = {
			isa = PBXSourcesBuildPhase;
			buildActionMask = 2147483647;
			files = (
				4D16D6AC25F2AA64004B164E /* ContentView.swift in Sources */,
				4D16D6AA25F2AA64004B164E /* SuperProject777App.swift in Sources */,
			);
			runOnlyForDeploymentPostprocessing = 0;
		};
/* End PBXSourcesBuildPhase section */

/* Begin XCBuildConfiguration section */
		4D16D6AF25F2AA64004B164E /* Debug */ = {
			isa = XCBuildConfiguration;
			buildSettings = {
				ALWAYS_SEARCH_USER_PATHS = NO;
				CLANG_ANALYZER_NONNULL = YES;
				CLANG_ANALYZER_NUMBER_OBJECT_CONVERSION = YES_AGGRESSIVE;
				CLANG_CXX_LANGUAGE_STANDARD = "gnu++14";
				CLANG_CXX_LIBRARY = "libc++";
				CLANG_ENABLE_MODULES = YES;
				CLANG_ENABLE_OBJC_ARC = YES;
				CLANG_ENABLE_OBJC_WEAK = YES;
				CLANG_WARN_BLOCK_CAPTURE_AUTORELEASING = YES;
				CLANG_WARN_BOOL_CONVERSION = YES;
				CLANG_WARN_COMMA = YES;
				CLANG_WARN_CONSTANT_CONVERSION = YES;
				CLANG_WARN_DEPRECATED_OBJC_IMPLEMENTATIONS = YES;
				CLANG_WARN_DIRECT_OBJC_ISA_USAGE = YES_ERROR;
				CLANG_WARN_DOCUMENTATION_COMMENTS = YES;
				CLANG_WARN_EMPTY_BODY = YES;
				CLANG_WARN_ENUM_CONVERSION = YES;
				CLANG_WARN_INFINITE_RECURSION = YES;
				CLANG_WARN_INT_CONVERSION = YES;
				CLANG_WARN_NON_LITERAL_NULL_CONVERSION = YES;
				CLANG_WARN_OBJC_IMPLICIT_RETAIN_SELF = YES;
				CLANG_WARN_OBJC_LITERAL_CONVERSION = YES;
				CLANG_WARN_OBJC_ROOT_CLASS = YES_ERROR;
				CLANG_WARN_QUOTED_INCLUDE_IN_FRAMEWORK_HEADER = YES;
				CLANG_WARN_RANGE_LOOP_ANALYSIS = YES;
				CLANG_WARN_STRICT_PROTOTYPES = YES;
				CLANG_WARN_SUSPICIOUS_MOVE = YES;
				CLANG_WARN_UNGUARDED_AVAILABILITY = YES_AGGRESSIVE;
				CLANG_WARN_UNREACHABLE_CODE = YES;
				CLANG_WARN__DUPLICATE_METHOD_MATCH = YES;
				COPY_PHASE_STRIP = NO;
				DEBUG_INFORMATION_FORMAT = dwarf;
				ENABLE_STRICT_OBJC_MSGSEND = YES;
				ENABLE_TESTABILITY = YES;
				GCC_C_LANGUAGE_STANDARD = gnu11;
				GCC_DYNAMIC_NO_PIC = NO;
				GCC_NO_COMMON_BLOCKS = YES;
				GCC_OPTIMIZATION_LEVEL = 0;
				GCC_PREPROCESSOR_DEFINITIONS = (
					"DEBUG=1",
					"$(inherited)",
				);
				GCC_WARN_64_TO_32_BIT_CONVERSION = YES;
				GCC_WARN_ABOUT_RETURN_TYPE = YES_ERROR;
				GCC_WARN_UNDECLARED_SELECTOR = YES;
				GCC_WARN_UNINITIALIZED_AUTOS = YES_AGGRESSIVE;
				GCC_WARN_UNUSED_FUNCTION = YES;
				GCC_WARN_UNUSED_VARIABLE = YES;
				MTL_ENABLE_DEBUG_INFO = INCLUDE_SOURCE;
				MTL_FAST_MATH = YES;
				ONLY_ACTIVE_ARCH = YES;
				SWIFT_ACTIVE_COMPILATION_CONDITIONS = DEBUG;
				SWIFT_OPTIMIZATION_LEVEL = "-Onone";
			};
			name = Debug;
		};
		4D16D6B025F2AA64004B164E /* Release */ = {
			isa = XCBuildConfiguration;
			buildSettings = {
				ALWAYS_SEARCH_USER_PATHS = NO;
				CLANG_ANALYZER_NONNULL = YES;
				CLANG_ANALYZER_NUMBER_OBJECT_CONVERSION = YES_AGGRESSIVE;
				CLANG_CXX_LANGUAGE_STANDARD = "gnu++14";
				CLANG_CXX_LIBRARY = "libc++";
				CLANG_ENABLE_MODULES = YES;
				CLANG_ENABLE_OBJC_ARC = YES;
				CLANG_ENABLE_OBJC_WEAK = YES;
				CLANG_WARN_BLOCK_CAPTURE_AUTORELEASING = YES;
				CLANG_WARN_BOOL_CONVERSION = YES;
				CLANG_WARN_COMMA = YES;
				CLANG_WARN_CONSTANT_CONVERSION = YES;
				CLANG_WARN_DEPRECATED_OBJC_IMPLEMENTATIONS = YES;
				CLANG_WARN_DIRECT_OBJC_ISA_USAGE = YES_ERROR;
				CLANG_WARN_DOCUMENTATION_COMMENTS = YES;
				CLANG_WARN_EMPTY_BODY = YES;
				CLANG_WARN_ENUM_CONVERSION = YES;
				CLANG_WARN_INFINITE_RECURSION = YES;
				CLANG_WARN_INT_CONVERSION = YES;
				CLANG_WARN_NON_LITERAL_NULL_CONVERSION = YES;
				CLANG_WARN_OBJC_IMPLICIT_RETAIN_SELF = YES;
				CLANG_WARN_OBJC_LITERAL_CONVERSION = YES;
				CLANG_WARN_OBJC_ROOT_CLASS = YES_ERROR;
				CLANG_WARN_QUOTED_INCLUDE_IN_FRAMEWORK_HEADER = YES;
				CLANG_WARN_RANGE_LOOP_ANALYSIS = YES;
				CLANG_WARN_STRICT_PROTOTYPES = YES;
				CLANG_WARN_SUSPICIOUS_MOVE = YES;
				CLANG_WARN_UNGUARDED_AVAILABILITY = YES_AGGRESSIVE;
				CLANG_WARN_UNREACHABLE_CODE = YES;
				CLANG_WARN__DUPLICATE_METHOD_MATCH = YES;
				COPY_PHASE_STRIP = NO;
				DEBUG_INFORMATION_FORMAT = "dwarf-with-dsym";
				ENABLE_NS_ASSERTIONS = NO;
				ENABLE_STRICT_OBJC_MSGSEND = YES;
				GCC_C_LANGUAGE_STANDARD = gnu11;
				GCC_NO_COMMON_BLOCKS = YES;
				GCC_WARN_64_TO_32_BIT_CONVERSION = YES;
				GCC_WARN_ABOUT_RETURN_TYPE = YES_ERROR;
				GCC_WARN_UNDECLARED_SELECTOR = YES;
				GCC_WARN_UNINITIALIZED_AUTOS = YES_AGGRESSIVE;
				GCC_WARN_UNUSED_FUNCTION = YES;
				GCC_WARN_UNUSED_VARIABLE = YES;
				MTL_ENABLE_DEBUG_INFO = NO;
				MTL_FAST_MATH = YES;
				SWIFT_COMPILATION_MODE = wholemodule;
				SWIFT_OPTIMIZATION_LEVEL = "-O";
			};
			name = Release;
		};
		4D16D6B225F2AA64004B164E /* Debug */ = {
			isa = XCBuildConfiguration;
			buildSettings = {
				ASSETCATALOG_COMPILER_APPICON_NAME = AppIcon;
				ASSETCATALOG_COMPILER_GLOBAL_ACCENT_COLOR_NAME = AccentColor;
				CODE_SIGN_STYLE = Automatic;
				ENABLE_PREVIEWS = YES;
				INFOPLIST_FILE = iOS/Info.plist;
				IPHONEOS_DEPLOYMENT_TARGET = 14.0;
				LD_RUNPATH_SEARCH_PATHS = (
					"$(inherited)",
					"@executable_path/Frameworks",
				);
				PRODUCT_BUNDLE_IDENTIFIER = fsdwww.SuperProject777;
				PRODUCT_NAME = SuperProject777;
				SDKROOT = iphoneos;
				SWIFT_VERSION = 5.0;
				TARGETED_DEVICE_FAMILY = "1,2";
			};
			name = Debug;
		};
		4D16D6B325F2AA64004B164E /* Release */ = {
			isa = XCBuildConfiguration;
			buildSettings = {
				ASSETCATALOG_COMPILER_APPICON_NAME = AppIcon;
				ASSETCATALOG_COMPILER_GLOBAL_ACCENT_COLOR_NAME = AccentColor;
				CODE_SIGN_STYLE = Automatic;
				ENABLE_PREVIEWS = YES;
				INFOPLIST_FILE = iOS/Info.plist;
				IPHONEOS_DEPLOYMENT_TARGET = 14.0;
				LD_RUNPATH_SEARCH_PATHS = (
					"$(inherited)",
					"@executable_path/Frameworks",
				);
				PRODUCT_BUNDLE_IDENTIFIER = fsdwww.SuperProject777;
				PRODUCT_NAME = SuperProject777;
				SDKROOT = iphoneos;
				SWIFT_VERSION = 5.0;
				TARGETED_DEVICE_FAMILY = "1,2";
				VALIDATE_PRODUCT = YES;
			};
			name = Release;
		};
		4D16D6B525F2AA64004B164E /* Debug */ = {
			isa = XCBuildConfiguration;
			buildSettings = {
				ASSETCATALOG_COMPILER_APPICON_NAME = AppIcon;
				ASSETCATALOG_COMPILER_GLOBAL_ACCENT_COLOR_NAME = AccentColor;
				CODE_SIGN_ENTITLEMENTS = macOS/macOS.entitlements;
				CODE_SIGN_STYLE = Automatic;
				COMBINE_HIDPI_IMAGES = YES;
				ENABLE_PREVIEWS = YES;
				INFOPLIST_FILE = macOS/Info.plist;
				LD_RUNPATH_SEARCH_PATHS = (
					"$(inherited)",
					"@executable_path/../Frameworks",
				);
				MACOSX_DEPLOYMENT_TARGET = 11.0;
				PRODUCT_BUNDLE_IDENTIFIER = fsdwww.SuperProject777;
				PRODUCT_NAME = SuperProject777;
				SDKROOT = macosx;
				SWIFT_VERSION = 5.0;
			};
			name = Debug;
		};
		4D16D6B625F2AA64004B164E /* Release */ = {
			isa = XCBuildConfiguration;
			buildSettings = {
				ASSETCATALOG_COMPILER_APPICON_NAME = AppIcon;
				ASSETCATALOG_COMPILER_GLOBAL_ACCENT_COLOR_NAME = AccentColor;
				CODE_SIGN_ENTITLEMENTS = macOS/macOS.entitlements;
				CODE_SIGN_STYLE = Automatic;
				COMBINE_HIDPI_IMAGES = YES;
				ENABLE_PREVIEWS = YES;
				INFOPLIST_FILE = macOS/Info.plist;
				LD_RUNPATH_SEARCH_PATHS = (
					"$(inherited)",
					"@executable_path/../Frameworks",
				);
				MACOSX_DEPLOYMENT_TARGET = 11.0;
				PRODUCT_BUNDLE_IDENTIFIER = fsdwww.SuperProject777;
				PRODUCT_NAME = SuperProject777;
				SDKROOT = macosx;
				SWIFT_VERSION = 5.0;
			};
			name = Release;
		};
/* End XCBuildConfiguration section */

/* Begin XCConfigurationList section */
		4D16D69425F2AA62004B164E /* Build configuration list for PBXProject "SuperProject777" */ = {
			isa = XCConfigurationList;
			buildConfigurations = (
				4D16D6AF25F2AA64004B164E /* Debug */,
				4D16D6B025F2AA64004B164E /* Release */,
			);
			defaultConfigurationIsVisible = 0;
			defaultConfigurationName = Release;
		};
		4D16D6B125F2AA64004B164E /* Build configuration list for PBXNativeTarget "SuperProject777 (iOS)" */ = {
			isa = XCConfigurationList;
			buildConfigurations = (
				4D16D6B225F2AA64004B164E /* Debug */,
				4D16D6B325F2AA64004B164E /* Release */,
			);
			defaultConfigurationIsVisible = 0;
			defaultConfigurationName = Release;
		};
		4D16D6B425F2AA64004B164E /* Build configuration list for PBXNativeTarget "SuperProject777 (macOS)" */ = {
			isa = XCConfigurationList;
			buildConfigurations = (
				4D16D6B525F2AA64004B164E /* Debug */,
				4D16D6B625F2AA64004B164E /* Release */,
			);
			defaultConfigurationIsVisible = 0;
			defaultConfigurationName = Release;
		};
/* End XCConfigurationList section */
	};
	rootObject = 4D16D69125F2AA62004B164E /* Project object */;
}
